
Microsoft Visual Studio Solution File, Format Version 12.00
# Visual Studio Version 17
VisualStudioVersion = 17.11.35303.130
MinimumVisualStudioVersion = 10.0.40219.1
Project("{FAE04EC0-301F-11D3-BF4B-00C04F79EFBC}") = "Custom-B2E-Project.Server", "Custom-B2E-Project.Server\Custom-B2E-Project.Server.csproj", "{485177FB-BCD5-4F15-A7D3-060048C932D7}"
EndProject
Project("{54A90642-561A-4BB1-A94E-469ADEE60C69}") = "custom-b2e-project.client", "custom-b2e-project.client\custom-b2e-project.client.esproj", "{6274D8F2-519D-4E3A-A8FC-0F2094E0999D}"
EndProject
Global
	GlobalSection(SolutionConfigurationPlatforms) = preSolution
		Debug|Any CPU = Debug|Any CPU
		Release|Any CPU = Release|Any CPU
	EndGlobalSection
	GlobalSection(ProjectConfigurationPlatforms) = postSolution
		{485177FB-BCD5-4F15-A7D3-060048C932D7}.Debug|Any CPU.ActiveCfg = Debug|Any CPU
		{485177FB-BCD5-4F15-A7D3-060048C932D7}.Debug|Any CPU.Build.0 = Debug|Any CPU
		{485177FB-BCD5-4F15-A7D3-060048C932D7}.Release|Any CPU.ActiveCfg = Release|Any CPU
		{485177FB-BCD5-4F15-A7D3-060048C932D7}.Release|Any CPU.Build.0 = Release|Any CPU
		{6274D8F2-519D-4E3A-A8FC-0F2094E0999D}.Debug|Any CPU.ActiveCfg = Debug|Any CPU
		{6274D8F2-519D-4E3A-A8FC-0F2094E0999D}.Debug|Any CPU.Build.0 = Debug|Any CPU
		{6274D8F2-519D-4E3A-A8FC-0F2094E0999D}.Debug|Any CPU.Deploy.0 = Debug|Any CPU
		{6274D8F2-519D-4E3A-A8FC-0F2094E0999D}.Release|Any CPU.ActiveCfg = Release|Any CPU
		{6274D8F2-519D-4E3A-A8FC-0F2094E0999D}.Release|Any CPU.Build.0 = Release|Any CPU
		{6274D8F2-519D-4E3A-A8FC-0F2094E0999D}.Release|Any CPU.Deploy.0 = Release|Any CPU
	EndGlobalSection
	GlobalSection(SolutionProperties) = preSolution
		HideSolutionNode = FALSE
	EndGlobalSection
	GlobalSection(ExtensibilityGlobals) = postSolution
		SolutionGuid = {49C13EB6-12AF-40B3-9BA9-6381DF6EA8C7}
	EndGlobalSection
EndGlobal
